<?xml version="1.0" encoding="UTF-8"?>
<CodeBlocks_project_file>
	<FileVersion major="1" minor="6"/>
	<Project>
		<Option title="zlib"/>
		<Option makefile_is_custom="1"/>
		<Option compiler="gcc"/>
		<Option virtualFolders="CMake Files\;CMake Files\libs\;CMake Files\libs\zlib-develop\;"/>
		<Build>
			<Target title="all">
				<Option working_dir="D:/bez_probelov_blyat/try_cma_ke/project_for_codeblock/libs/zlib-develop"/>
				<Option type="4"/>
				<MakeCommands>
					<Build command="D:/MinGW/x86_64-12.2.0-release-posix-seh-rt_v10-rev1/mingw64/bin/mingw32-make.exe -f &quot;D:/bez_probelov_blyat/try_cma_ke/project_for_codeblock/libs/zlib-develop/Makefile&quot;  VERBOSE=1 all"/>
					<CompileFile command="D:/MinGW/x86_64-12.2.0-release-posix-seh-rt_v10-rev1/mingw64/bin/mingw32-make.exe -f &quot;D:/bez_probelov_blyat/try_cma_ke/project_for_codeblock/libs/zlib-develop/Makefile&quot;  VERBOSE=1 &quot;$file&quot;"/>
					<Clean command="D:/MinGW/x86_64-12.2.0-release-posix-seh-rt_v10-rev1/mingw64/bin/mingw32-make.exe -f &quot;D:/bez_probelov_blyat/try_cma_ke/project_for_codeblock/libs/zlib-develop/Makefile&quot;  VERBOSE=1 clean"/>
					<DistClean command="D:/MinGW/x86_64-12.2.0-release-posix-seh-rt_v10-rev1/mingw64/bin/mingw32-make.exe -f &quot;D:/bez_probelov_blyat/try_cma_ke/project_for_codeblock/libs/zlib-develop/Makefile&quot;  VERBOSE=1 clean"/>
				</MakeCommands>
			</Target>
			<Target title="zlib">
				<Option output="D:/bez_probelov_blyat/try_cma_ke/project_for_codeblock/libs/zlib-develop/libzlib.dll" prefix_auto="0" extension_auto="0"/>
				<Option working_dir="D:/bez_probelov_blyat/try_cma_ke/project_for_codeblock/libs/zlib-develop"/>
				<Option object_output="./"/>
				<Option type="3"/>
				<Option compiler="gcc"/>
				<Compiler>
					<Add option="-D_LARGEFILE64_SOURCE=1"/>
					<Add directory="D:/bez_probelov_blyat/try_cma_ke/project_for_codeblock/libs/zlib-develop"/>
					<Add directory="D:/bez_probelov_blyat/try_cma_ke"/>
					<Add directory="D:/bez_probelov_blyat/try_cma_ke/libs/zlib-develop"/>
					<Add directory="D:/MinGW/x86_64-12.2.0-release-posix-seh-rt_v10-rev1/mingw64/bin/../lib/gcc/x86_64-w64-mingw32/12.2.0/include/c++"/>
					<Add directory="D:/MinGW/x86_64-12.2.0-release-posix-seh-rt_v10-rev1/mingw64/bin/../lib/gcc/x86_64-w64-mingw32/12.2.0/include/c++/x86_64-w64-mingw32"/>
					<Add directory="D:/MinGW/x86_64-12.2.0-release-posix-seh-rt_v10-rev1/mingw64/bin/../lib/gcc/x86_64-w64-mingw32/12.2.0/include/c++/backward"/>
					<Add directory="D:/MinGW/x86_64-12.2.0-release-posix-seh-rt_v10-rev1/mingw64/bin/../lib/gcc/x86_64-w64-mingw32/12.2.0/include"/>
					<Add directory="D:/MinGW/x86_64-12.2.0-release-posix-seh-rt_v10-rev1/mingw64/bin/../lib/gcc/x86_64-w64-mingw32/12.2.0/include-fixed"/>
					<Add directory="D:/MinGW/x86_64-12.2.0-release-posix-seh-rt_v10-rev1/mingw64/bin/../lib/gcc/x86_64-w64-mingw32/12.2.0/../../../../x86_64-w64-mingw32/include"/>
				</Compiler>
				<MakeCommands>
					<Build command="D:/MinGW/x86_64-12.2.0-release-posix-seh-rt_v10-rev1/mingw64/bin/mingw32-make.exe -f &quot;D:/bez_probelov_blyat/try_cma_ke/project_for_codeblock/libs/zlib-develop/Makefile&quot;  VERBOSE=1 zlib"/>
					<CompileFile command="D:/MinGW/x86_64-12.2.0-release-posix-seh-rt_v10-rev1/mingw64/bin/mingw32-make.exe -f &quot;D:/bez_probelov_blyat/try_cma_ke/project_for_codeblock/libs/zlib-develop/Makefile&quot;  VERBOSE=1 &quot;$file&quot;"/>
					<Clean command="D:/MinGW/x86_64-12.2.0-release-posix-seh-rt_v10-rev1/mingw64/bin/mingw32-make.exe -f &quot;D:/bez_probelov_blyat/try_cma_ke/project_for_codeblock/libs/zlib-develop/Makefile&quot;  VERBOSE=1 clean"/>
					<DistClean command="D:/MinGW/x86_64-12.2.0-release-posix-seh-rt_v10-rev1/mingw64/bin/mingw32-make.exe -f &quot;D:/bez_probelov_blyat/try_cma_ke/project_for_codeblock/libs/zlib-develop/Makefile&quot;  VERBOSE=1 clean"/>
				</MakeCommands>
			</Target>
			<Target title="zlib/fast">
				<Option output="D:/bez_probelov_blyat/try_cma_ke/project_for_codeblock/libs/zlib-develop/libzlib.dll" prefix_auto="0" extension_auto="0"/>
				<Option working_dir="D:/bez_probelov_blyat/try_cma_ke/project_for_codeblock/libs/zlib-develop"/>
				<Option object_output="./"/>
				<Option type="3"/>
				<Option compiler="gcc"/>
				<Compiler>
					<Add option="-D_LARGEFILE64_SOURCE=1"/>
					<Add directory="D:/bez_probelov_blyat/try_cma_ke/project_for_codeblock/libs/zlib-develop"/>
					<Add directory="D:/bez_probelov_blyat/try_cma_ke"/>
					<Add directory="D:/bez_probelov_blyat/try_cma_ke/libs/zlib-develop"/>
					<Add directory="D:/MinGW/x86_64-12.2.0-release-posix-seh-rt_v10-rev1/mingw64/bin/../lib/gcc/x86_64-w64-mingw32/12.2.0/include/c++"/>
					<Add directory="D:/MinGW/x86_64-12.2.0-release-posix-seh-rt_v10-rev1/mingw64/bin/../lib/gcc/x86_64-w64-mingw32/12.2.0/include/c++/x86_64-w64-mingw32"/>
					<Add directory="D:/MinGW/x86_64-12.2.0-release-posix-seh-rt_v10-rev1/mingw64/bin/../lib/gcc/x86_64-w64-mingw32/12.2.0/include/c++/backward"/>
					<Add directory="D:/MinGW/x86_64-12.2.0-release-posix-seh-rt_v10-rev1/mingw64/bin/../lib/gcc/x86_64-w64-mingw32/12.2.0/include"/>
					<Add directory="D:/MinGW/x86_64-12.2.0-release-posix-seh-rt_v10-rev1/mingw64/bin/../lib/gcc/x86_64-w64-mingw32/12.2.0/include-fixed"/>
					<Add directory="D:/MinGW/x86_64-12.2.0-release-posix-seh-rt_v10-rev1/mingw64/bin/../lib/gcc/x86_64-w64-mingw32/12.2.0/../../../../x86_64-w64-mingw32/include"/>
				</Compiler>
				<MakeCommands>
					<Build command="D:/MinGW/x86_64-12.2.0-release-posix-seh-rt_v10-rev1/mingw64/bin/mingw32-make.exe -f &quot;D:/bez_probelov_blyat/try_cma_ke/project_for_codeblock/libs/zlib-develop/Makefile&quot;  VERBOSE=1 zlib/fast"/>
					<CompileFile command="D:/MinGW/x86_64-12.2.0-release-posix-seh-rt_v10-rev1/mingw64/bin/mingw32-make.exe -f &quot;D:/bez_probelov_blyat/try_cma_ke/project_for_codeblock/libs/zlib-develop/Makefile&quot;  VERBOSE=1 &quot;$file&quot;"/>
					<Clean command="D:/MinGW/x86_64-12.2.0-release-posix-seh-rt_v10-rev1/mingw64/bin/mingw32-make.exe -f &quot;D:/bez_probelov_blyat/try_cma_ke/project_for_codeblock/libs/zlib-develop/Makefile&quot;  VERBOSE=1 clean"/>
					<DistClean command="D:/MinGW/x86_64-12.2.0-release-posix-seh-rt_v10-rev1/mingw64/bin/mingw32-make.exe -f &quot;D:/bez_probelov_blyat/try_cma_ke/project_for_codeblock/libs/zlib-develop/Makefile&quot;  VERBOSE=1 clean"/>
				</MakeCommands>
			</Target>
			<Target title="zlibstatic">
				<Option output="D:/bez_probelov_blyat/try_cma_ke/project_for_codeblock/libs/zlib-develop/libzlibstatic.a" prefix_auto="0" extension_auto="0"/>
				<Option working_dir="D:/bez_probelov_blyat/try_cma_ke/project_for_codeblock/libs/zlib-develop"/>
				<Option object_output="./"/>
				<Option type="2"/>
				<Option compiler="gcc"/>
				<Compiler>
					<Add option="-D_LARGEFILE64_SOURCE=1"/>
					<Add directory="D:/bez_probelov_blyat/try_cma_ke/project_for_codeblock/libs/zlib-develop"/>
					<Add directory="D:/bez_probelov_blyat/try_cma_ke"/>
					<Add directory="D:/bez_probelov_blyat/try_cma_ke/libs/zlib-develop"/>
					<Add directory="D:/MinGW/x86_64-12.2.0-release-posix-seh-rt_v10-rev1/mingw64/bin/../lib/gcc/x86_64-w64-mingw32/12.2.0/include/c++"/>
					<Add directory="D:/MinGW/x86_64-12.2.0-release-posix-seh-rt_v10-rev1/mingw64/bin/../lib/gcc/x86_64-w64-mingw32/12.2.0/include/c++/x86_64-w64-mingw32"/>
					<Add directory="D:/MinGW/x86_64-12.2.0-release-posix-seh-rt_v10-rev1/mingw64/bin/../lib/gcc/x86_64-w64-mingw32/12.2.0/include/c++/backward"/>
					<Add directory="D:/MinGW/x86_64-12.2.0-release-posix-seh-rt_v10-rev1/mingw64/bin/../lib/gcc/x86_64-w64-mingw32/12.2.0/include"/>
					<Add directory="D:/MinGW/x86_64-12.2.0-release-posix-seh-rt_v10-rev1/mingw64/bin/../lib/gcc/x86_64-w64-mingw32/12.2.0/include-fixed"/>
					<Add directory="D:/MinGW/x86_64-12.2.0-release-posix-seh-rt_v10-rev1/mingw64/bin/../lib/gcc/x86_64-w64-mingw32/12.2.0/../../../../x86_64-w64-mingw32/include"/>
				</Compiler>
				<MakeCommands>
					<Build command="D:/MinGW/x86_64-12.2.0-release-posix-seh-rt_v10-rev1/mingw64/bin/mingw32-make.exe -f &quot;D:/bez_probelov_blyat/try_cma_ke/project_for_codeblock/libs/zlib-develop/Makefile&quot;  VERBOSE=1 zlibstatic"/>
					<CompileFile command="D:/MinGW/x86_64-12.2.0-release-posix-seh-rt_v10-rev1/mingw64/bin/mingw32-make.exe -f &quot;D:/bez_probelov_blyat/try_cma_ke/project_for_codeblock/libs/zlib-develop/Makefile&quot;  VERBOSE=1 &quot;$file&quot;"/>
					<Clean command="D:/MinGW/x86_64-12.2.0-release-posix-seh-rt_v10-rev1/mingw64/bin/mingw32-make.exe -f &quot;D:/bez_probelov_blyat/try_cma_ke/project_for_codeblock/libs/zlib-develop/Makefile&quot;  VERBOSE=1 clean"/>
					<DistClean command="D:/MinGW/x86_64-12.2.0-release-posix-seh-rt_v10-rev1/mingw64/bin/mingw32-make.exe -f &quot;D:/bez_probelov_blyat/try_cma_ke/project_for_codeblock/libs/zlib-develop/Makefile&quot;  VERBOSE=1 clean"/>
				</MakeCommands>
			</Target>
			<Target title="zlibstatic/fast">
				<Option output="D:/bez_probelov_blyat/try_cma_ke/project_for_codeblock/libs/zlib-develop/libzlibstatic.a" prefix_auto="0" extension_auto="0"/>
				<Option working_dir="D:/bez_probelov_blyat/try_cma_ke/project_for_codeblock/libs/zlib-develop"/>
				<Option object_output="./"/>
				<Option type="2"/>
				<Option compiler="gcc"/>
				<Compiler>
					<Add option="-D_LARGEFILE64_SOURCE=1"/>
					<Add directory="D:/bez_probelov_blyat/try_cma_ke/project_for_codeblock/libs/zlib-develop"/>
					<Add directory="D:/bez_probelov_blyat/try_cma_ke"/>
					<Add directory="D:/bez_probelov_blyat/try_cma_ke/libs/zlib-develop"/>
					<Add directory="D:/MinGW/x86_64-12.2.0-release-posix-seh-rt_v10-rev1/mingw64/bin/../lib/gcc/x86_64-w64-mingw32/12.2.0/include/c++"/>
					<Add directory="D:/MinGW/x86_64-12.2.0-release-posix-seh-rt_v10-rev1/mingw64/bin/../lib/gcc/x86_64-w64-mingw32/12.2.0/include/c++/x86_64-w64-mingw32"/>
					<Add directory="D:/MinGW/x86_64-12.2.0-release-posix-seh-rt_v10-rev1/mingw64/bin/../lib/gcc/x86_64-w64-mingw32/12.2.0/include/c++/backward"/>
					<Add directory="D:/MinGW/x86_64-12.2.0-release-posix-seh-rt_v10-rev1/mingw64/bin/../lib/gcc/x86_64-w64-mingw32/12.2.0/include"/>
					<Add directory="D:/MinGW/x86_64-12.2.0-release-posix-seh-rt_v10-rev1/mingw64/bin/../lib/gcc/x86_64-w64-mingw32/12.2.0/include-fixed"/>
					<Add directory="D:/MinGW/x86_64-12.2.0-release-posix-seh-rt_v10-rev1/mingw64/bin/../lib/gcc/x86_64-w64-mingw32/12.2.0/../../../../x86_64-w64-mingw32/include"/>
				</Compiler>
				<MakeCommands>
					<Build command="D:/MinGW/x86_64-12.2.0-release-posix-seh-rt_v10-rev1/mingw64/bin/mingw32-make.exe -f &quot;D:/bez_probelov_blyat/try_cma_ke/project_for_codeblock/libs/zlib-develop/Makefile&quot;  VERBOSE=1 zlibstatic/fast"/>
					<CompileFile command="D:/MinGW/x86_64-12.2.0-release-posix-seh-rt_v10-rev1/mingw64/bin/mingw32-make.exe -f &quot;D:/bez_probelov_blyat/try_cma_ke/project_for_codeblock/libs/zlib-develop/Makefile&quot;  VERBOSE=1 &quot;$file&quot;"/>
					<Clean command="D:/MinGW/x86_64-12.2.0-release-posix-seh-rt_v10-rev1/mingw64/bin/mingw32-make.exe -f &quot;D:/bez_probelov_blyat/try_cma_ke/project_for_codeblock/libs/zlib-develop/Makefile&quot;  VERBOSE=1 clean"/>
					<DistClean command="D:/MinGW/x86_64-12.2.0-release-posix-seh-rt_v10-rev1/mingw64/bin/mingw32-make.exe -f &quot;D:/bez_probelov_blyat/try_cma_ke/project_for_codeblock/libs/zlib-develop/Makefile&quot;  VERBOSE=1 clean"/>
				</MakeCommands>
			</Target>
			<Target title="example">
				<Option output="D:/bez_probelov_blyat/try_cma_ke/project_for_codeblock/libs/zlib-develop/example.exe" prefix_auto="0" extension_auto="0"/>
				<Option working_dir="D:/bez_probelov_blyat/try_cma_ke/project_for_codeblock/libs/zlib-develop"/>
				<Option object_output="./"/>
				<Option type="1"/>
				<Option compiler="gcc"/>
				<Compiler>
					<Add option="-D_LARGEFILE64_SOURCE=1"/>
					<Add directory="D:/bez_probelov_blyat/try_cma_ke/project_for_codeblock/libs/zlib-develop"/>
					<Add directory="D:/bez_probelov_blyat/try_cma_ke"/>
					<Add directory="D:/bez_probelov_blyat/try_cma_ke/libs/zlib-develop"/>
					<Add directory="D:/MinGW/x86_64-12.2.0-release-posix-seh-rt_v10-rev1/mingw64/bin/../lib/gcc/x86_64-w64-mingw32/12.2.0/include/c++"/>
					<Add directory="D:/MinGW/x86_64-12.2.0-release-posix-seh-rt_v10-rev1/mingw64/bin/../lib/gcc/x86_64-w64-mingw32/12.2.0/include/c++/x86_64-w64-mingw32"/>
					<Add directory="D:/MinGW/x86_64-12.2.0-release-posix-seh-rt_v10-rev1/mingw64/bin/../lib/gcc/x86_64-w64-mingw32/12.2.0/include/c++/backward"/>
					<Add directory="D:/MinGW/x86_64-12.2.0-release-posix-seh-rt_v10-rev1/mingw64/bin/../lib/gcc/x86_64-w64-mingw32/12.2.0/include"/>
					<Add directory="D:/MinGW/x86_64-12.2.0-release-posix-seh-rt_v10-rev1/mingw64/bin/../lib/gcc/x86_64-w64-mingw32/12.2.0/include-fixed"/>
					<Add directory="D:/MinGW/x86_64-12.2.0-release-posix-seh-rt_v10-rev1/mingw64/bin/../lib/gcc/x86_64-w64-mingw32/12.2.0/../../../../x86_64-w64-mingw32/include"/>
				</Compiler>
				<MakeCommands>
					<Build command="D:/MinGW/x86_64-12.2.0-release-posix-seh-rt_v10-rev1/mingw64/bin/mingw32-make.exe -f &quot;D:/bez_probelov_blyat/try_cma_ke/project_for_codeblock/libs/zlib-develop/Makefile&quot;  VERBOSE=1 example"/>
					<CompileFile command="D:/MinGW/x86_64-12.2.0-release-posix-seh-rt_v10-rev1/mingw64/bin/mingw32-make.exe -f &quot;D:/bez_probelov_blyat/try_cma_ke/project_for_codeblock/libs/zlib-develop/Makefile&quot;  VERBOSE=1 &quot;$file&quot;"/>
					<Clean command="D:/MinGW/x86_64-12.2.0-release-posix-seh-rt_v10-rev1/mingw64/bin/mingw32-make.exe -f &quot;D:/bez_probelov_blyat/try_cma_ke/project_for_codeblock/libs/zlib-develop/Makefile&quot;  VERBOSE=1 clean"/>
					<DistClean command="D:/MinGW/x86_64-12.2.0-release-posix-seh-rt_v10-rev1/mingw64/bin/mingw32-make.exe -f &quot;D:/bez_probelov_blyat/try_cma_ke/project_for_codeblock/libs/zlib-develop/Makefile&quot;  VERBOSE=1 clean"/>
				</MakeCommands>
			</Target>
			<Target title="example/fast">
				<Option output="D:/bez_probelov_blyat/try_cma_ke/project_for_codeblock/libs/zlib-develop/example.exe" prefix_auto="0" extension_auto="0"/>
				<Option working_dir="D:/bez_probelov_blyat/try_cma_ke/project_for_codeblock/libs/zlib-develop"/>
				<Option object_output="./"/>
				<Option type="1"/>
				<Option compiler="gcc"/>
				<Compiler>
					<Add option="-D_LARGEFILE64_SOURCE=1"/>
					<Add directory="D:/bez_probelov_blyat/try_cma_ke/project_for_codeblock/libs/zlib-develop"/>
					<Add directory="D:/bez_probelov_blyat/try_cma_ke"/>
					<Add directory="D:/bez_probelov_blyat/try_cma_ke/libs/zlib-develop"/>
					<Add directory="D:/MinGW/x86_64-12.2.0-release-posix-seh-rt_v10-rev1/mingw64/bin/../lib/gcc/x86_64-w64-mingw32/12.2.0/include/c++"/>
					<Add directory="D:/MinGW/x86_64-12.2.0-release-posix-seh-rt_v10-rev1/mingw64/bin/../lib/gcc/x86_64-w64-mingw32/12.2.0/include/c++/x86_64-w64-mingw32"/>
					<Add directory="D:/MinGW/x86_64-12.2.0-release-posix-seh-rt_v10-rev1/mingw64/bin/../lib/gcc/x86_64-w64-mingw32/12.2.0/include/c++/backward"/>
					<Add directory="D:/MinGW/x86_64-12.2.0-release-posix-seh-rt_v10-rev1/mingw64/bin/../lib/gcc/x86_64-w64-mingw32/12.2.0/include"/>
					<Add directory="D:/MinGW/x86_64-12.2.0-release-posix-seh-rt_v10-rev1/mingw64/bin/../lib/gcc/x86_64-w64-mingw32/12.2.0/include-fixed"/>
					<Add directory="D:/MinGW/x86_64-12.2.0-release-posix-seh-rt_v10-rev1/mingw64/bin/../lib/gcc/x86_64-w64-mingw32/12.2.0/../../../../x86_64-w64-mingw32/include"/>
				</Compiler>
				<MakeCommands>
					<Build command="D:/MinGW/x86_64-12.2.0-release-posix-seh-rt_v10-rev1/mingw64/bin/mingw32-make.exe -f &quot;D:/bez_probelov_blyat/try_cma_ke/project_for_codeblock/libs/zlib-develop/Makefile&quot;  VERBOSE=1 example/fast"/>
					<CompileFile command="D:/MinGW/x86_64-12.2.0-release-posix-seh-rt_v10-rev1/mingw64/bin/mingw32-make.exe -f &quot;D:/bez_probelov_blyat/try_cma_ke/project_for_codeblock/libs/zlib-develop/Makefile&quot;  VERBOSE=1 &quot;$file&quot;"/>
					<Clean command="D:/MinGW/x86_64-12.2.0-release-posix-seh-rt_v10-rev1/mingw64/bin/mingw32-make.exe -f &quot;D:/bez_probelov_blyat/try_cma_ke/project_for_codeblock/libs/zlib-develop/Makefile&quot;  VERBOSE=1 clean"/>
					<DistClean command="D:/MinGW/x86_64-12.2.0-release-posix-seh-rt_v10-rev1/mingw64/bin/mingw32-make.exe -f &quot;D:/bez_probelov_blyat/try_cma_ke/project_for_codeblock/libs/zlib-develop/Makefile&quot;  VERBOSE=1 clean"/>
				</MakeCommands>
			</Target>
			<Target title="minigzip">
				<Option output="D:/bez_probelov_blyat/try_cma_ke/project_for_codeblock/libs/zlib-develop/minigzip.exe" prefix_auto="0" extension_auto="0"/>
				<Option working_dir="D:/bez_probelov_blyat/try_cma_ke/project_for_codeblock/libs/zlib-develop"/>
				<Option object_output="./"/>
				<Option type="1"/>
				<Option compiler="gcc"/>
				<Compiler>
					<Add option="-D_LARGEFILE64_SOURCE=1"/>
					<Add directory="D:/bez_probelov_blyat/try_cma_ke/project_for_codeblock/libs/zlib-develop"/>
					<Add directory="D:/bez_probelov_blyat/try_cma_ke"/>
					<Add directory="D:/bez_probelov_blyat/try_cma_ke/libs/zlib-develop"/>
					<Add directory="D:/MinGW/x86_64-12.2.0-release-posix-seh-rt_v10-rev1/mingw64/bin/../lib/gcc/x86_64-w64-mingw32/12.2.0/include/c++"/>
					<Add directory="D:/MinGW/x86_64-12.2.0-release-posix-seh-rt_v10-rev1/mingw64/bin/../lib/gcc/x86_64-w64-mingw32/12.2.0/include/c++/x86_64-w64-mingw32"/>
					<Add directory="D:/MinGW/x86_64-12.2.0-release-posix-seh-rt_v10-rev1/mingw64/bin/../lib/gcc/x86_64-w64-mingw32/12.2.0/include/c++/backward"/>
					<Add directory="D:/MinGW/x86_64-12.2.0-release-posix-seh-rt_v10-rev1/mingw64/bin/../lib/gcc/x86_64-w64-mingw32/12.2.0/include"/>
					<Add directory="D:/MinGW/x86_64-12.2.0-release-posix-seh-rt_v10-rev1/mingw64/bin/../lib/gcc/x86_64-w64-mingw32/12.2.0/include-fixed"/>
					<Add directory="D:/MinGW/x86_64-12.2.0-release-posix-seh-rt_v10-rev1/mingw64/bin/../lib/gcc/x86_64-w64-mingw32/12.2.0/../../../../x86_64-w64-mingw32/include"/>
				</Compiler>
				<MakeCommands>
					<Build command="D:/MinGW/x86_64-12.2.0-release-posix-seh-rt_v10-rev1/mingw64/bin/mingw32-make.exe -f &quot;D:/bez_probelov_blyat/try_cma_ke/project_for_codeblock/libs/zlib-develop/Makefile&quot;  VERBOSE=1 minigzip"/>
					<CompileFile command="D:/MinGW/x86_64-12.2.0-release-posix-seh-rt_v10-rev1/mingw64/bin/mingw32-make.exe -f &quot;D:/bez_probelov_blyat/try_cma_ke/project_for_codeblock/libs/zlib-develop/Makefile&quot;  VERBOSE=1 &quot;$file&quot;"/>
					<Clean command="D:/MinGW/x86_64-12.2.0-release-posix-seh-rt_v10-rev1/mingw64/bin/mingw32-make.exe -f &quot;D:/bez_probelov_blyat/try_cma_ke/project_for_codeblock/libs/zlib-develop/Makefile&quot;  VERBOSE=1 clean"/>
					<DistClean command="D:/MinGW/x86_64-12.2.0-release-posix-seh-rt_v10-rev1/mingw64/bin/mingw32-make.exe -f &quot;D:/bez_probelov_blyat/try_cma_ke/project_for_codeblock/libs/zlib-develop/Makefile&quot;  VERBOSE=1 clean"/>
				</MakeCommands>
			</Target>
			<Target title="minigzip/fast">
				<Option output="D:/bez_probelov_blyat/try_cma_ke/project_for_codeblock/libs/zlib-develop/minigzip.exe" prefix_auto="0" extension_auto="0"/>
				<Option working_dir="D:/bez_probelov_blyat/try_cma_ke/project_for_codeblock/libs/zlib-develop"/>
				<Option object_output="./"/>
				<Option type="1"/>
				<Option compiler="gcc"/>
				<Compiler>
					<Add option="-D_LARGEFILE64_SOURCE=1"/>
					<Add directory="D:/bez_probelov_blyat/try_cma_ke/project_for_codeblock/libs/zlib-develop"/>
					<Add directory="D:/bez_probelov_blyat/try_cma_ke"/>
					<Add directory="D:/bez_probelov_blyat/try_cma_ke/libs/zlib-develop"/>
					<Add directory="D:/MinGW/x86_64-12.2.0-release-posix-seh-rt_v10-rev1/mingw64/bin/../lib/gcc/x86_64-w64-mingw32/12.2.0/include/c++"/>
					<Add directory="D:/MinGW/x86_64-12.2.0-release-posix-seh-rt_v10-rev1/mingw64/bin/../lib/gcc/x86_64-w64-mingw32/12.2.0/include/c++/x86_64-w64-mingw32"/>
					<Add directory="D:/MinGW/x86_64-12.2.0-release-posix-seh-rt_v10-rev1/mingw64/bin/../lib/gcc/x86_64-w64-mingw32/12.2.0/include/c++/backward"/>
					<Add directory="D:/MinGW/x86_64-12.2.0-release-posix-seh-rt_v10-rev1/mingw64/bin/../lib/gcc/x86_64-w64-mingw32/12.2.0/include"/>
					<Add directory="D:/MinGW/x86_64-12.2.0-release-posix-seh-rt_v10-rev1/mingw64/bin/../lib/gcc/x86_64-w64-mingw32/12.2.0/include-fixed"/>
					<Add directory="D:/MinGW/x86_64-12.2.0-release-posix-seh-rt_v10-rev1/mingw64/bin/../lib/gcc/x86_64-w64-mingw32/12.2.0/../../../../x86_64-w64-mingw32/include"/>
				</Compiler>
				<MakeCommands>
					<Build command="D:/MinGW/x86_64-12.2.0-release-posix-seh-rt_v10-rev1/mingw64/bin/mingw32-make.exe -f &quot;D:/bez_probelov_blyat/try_cma_ke/project_for_codeblock/libs/zlib-develop/Makefile&quot;  VERBOSE=1 minigzip/fast"/>
					<CompileFile command="D:/MinGW/x86_64-12.2.0-release-posix-seh-rt_v10-rev1/mingw64/bin/mingw32-make.exe -f &quot;D:/bez_probelov_blyat/try_cma_ke/project_for_codeblock/libs/zlib-develop/Makefile&quot;  VERBOSE=1 &quot;$file&quot;"/>
					<Clean command="D:/MinGW/x86_64-12.2.0-release-posix-seh-rt_v10-rev1/mingw64/bin/mingw32-make.exe -f &quot;D:/bez_probelov_blyat/try_cma_ke/project_for_codeblock/libs/zlib-develop/Makefile&quot;  VERBOSE=1 clean"/>
					<DistClean command="D:/MinGW/x86_64-12.2.0-release-posix-seh-rt_v10-rev1/mingw64/bin/mingw32-make.exe -f &quot;D:/bez_probelov_blyat/try_cma_ke/project_for_codeblock/libs/zlib-develop/Makefile&quot;  VERBOSE=1 clean"/>
				</MakeCommands>
			</Target>
			<Target title="example64">
				<Option output="D:/bez_probelov_blyat/try_cma_ke/project_for_codeblock/libs/zlib-develop/example64.exe" prefix_auto="0" extension_auto="0"/>
				<Option working_dir="D:/bez_probelov_blyat/try_cma_ke/project_for_codeblock/libs/zlib-develop"/>
				<Option object_output="./"/>
				<Option type="1"/>
				<Option compiler="gcc"/>
				<Compiler>
					<Add option="-D_LARGEFILE64_SOURCE=1"/>
					<Add directory="D:/bez_probelov_blyat/try_cma_ke/project_for_codeblock/libs/zlib-develop"/>
					<Add directory="D:/bez_probelov_blyat/try_cma_ke"/>
					<Add directory="D:/bez_probelov_blyat/try_cma_ke/libs/zlib-develop"/>
					<Add directory="D:/MinGW/x86_64-12.2.0-release-posix-seh-rt_v10-rev1/mingw64/bin/../lib/gcc/x86_64-w64-mingw32/12.2.0/include/c++"/>
					<Add directory="D:/MinGW/x86_64-12.2.0-release-posix-seh-rt_v10-rev1/mingw64/bin/../lib/gcc/x86_64-w64-mingw32/12.2.0/include/c++/x86_64-w64-mingw32"/>
					<Add directory="D:/MinGW/x86_64-12.2.0-release-posix-seh-rt_v10-rev1/mingw64/bin/../lib/gcc/x86_64-w64-mingw32/12.2.0/include/c++/backward"/>
					<Add directory="D:/MinGW/x86_64-12.2.0-release-posix-seh-rt_v10-rev1/mingw64/bin/../lib/gcc/x86_64-w64-mingw32/12.2.0/include"/>
					<Add directory="D:/MinGW/x86_64-12.2.0-release-posix-seh-rt_v10-rev1/mingw64/bin/../lib/gcc/x86_64-w64-mingw32/12.2.0/include-fixed"/>
					<Add directory="D:/MinGW/x86_64-12.2.0-release-posix-seh-rt_v10-rev1/mingw64/bin/../lib/gcc/x86_64-w64-mingw32/12.2.0/../../../../x86_64-w64-mingw32/include"/>
				</Compiler>
				<MakeCommands>
					<Build command="D:/MinGW/x86_64-12.2.0-release-posix-seh-rt_v10-rev1/mingw64/bin/mingw32-make.exe -f &quot;D:/bez_probelov_blyat/try_cma_ke/project_for_codeblock/libs/zlib-develop/Makefile&quot;  VERBOSE=1 example64"/>
					<CompileFile command="D:/MinGW/x86_64-12.2.0-release-posix-seh-rt_v10-rev1/mingw64/bin/mingw32-make.exe -f &quot;D:/bez_probelov_blyat/try_cma_ke/project_for_codeblock/libs/zlib-develop/Makefile&quot;  VERBOSE=1 &quot;$file&quot;"/>
					<Clean command="D:/MinGW/x86_64-12.2.0-release-posix-seh-rt_v10-rev1/mingw64/bin/mingw32-make.exe -f &quot;D:/bez_probelov_blyat/try_cma_ke/project_for_codeblock/libs/zlib-develop/Makefile&quot;  VERBOSE=1 clean"/>
					<DistClean command="D:/MinGW/x86_64-12.2.0-release-posix-seh-rt_v10-rev1/mingw64/bin/mingw32-make.exe -f &quot;D:/bez_probelov_blyat/try_cma_ke/project_for_codeblock/libs/zlib-develop/Makefile&quot;  VERBOSE=1 clean"/>
				</MakeCommands>
			</Target>
			<Target title="example64/fast">
				<Option output="D:/bez_probelov_blyat/try_cma_ke/project_for_codeblock/libs/zlib-develop/example64.exe" prefix_auto="0" extension_auto="0"/>
				<Option working_dir="D:/bez_probelov_blyat/try_cma_ke/project_for_codeblock/libs/zlib-develop"/>
				<Option object_output="./"/>
				<Option type="1"/>
				<Option compiler="gcc"/>
				<Compiler>
					<Add option="-D_LARGEFILE64_SOURCE=1"/>
					<Add directory="D:/bez_probelov_blyat/try_cma_ke/project_for_codeblock/libs/zlib-develop"/>
					<Add directory="D:/bez_probelov_blyat/try_cma_ke"/>
					<Add directory="D:/bez_probelov_blyat/try_cma_ke/libs/zlib-develop"/>
					<Add directory="D:/MinGW/x86_64-12.2.0-release-posix-seh-rt_v10-rev1/mingw64/bin/../lib/gcc/x86_64-w64-mingw32/12.2.0/include/c++"/>
					<Add directory="D:/MinGW/x86_64-12.2.0-release-posix-seh-rt_v10-rev1/mingw64/bin/../lib/gcc/x86_64-w64-mingw32/12.2.0/include/c++/x86_64-w64-mingw32"/>
					<Add directory="D:/MinGW/x86_64-12.2.0-release-posix-seh-rt_v10-rev1/mingw64/bin/../lib/gcc/x86_64-w64-mingw32/12.2.0/include/c++/backward"/>
					<Add directory="D:/MinGW/x86_64-12.2.0-release-posix-seh-rt_v10-rev1/mingw64/bin/../lib/gcc/x86_64-w64-mingw32/12.2.0/include"/>
					<Add directory="D:/MinGW/x86_64-12.2.0-release-posix-seh-rt_v10-rev1/mingw64/bin/../lib/gcc/x86_64-w64-mingw32/12.2.0/include-fixed"/>
					<Add directory="D:/MinGW/x86_64-12.2.0-release-posix-seh-rt_v10-rev1/mingw64/bin/../lib/gcc/x86_64-w64-mingw32/12.2.0/../../../../x86_64-w64-mingw32/include"/>
				</Compiler>
				<MakeCommands>
					<Build command="D:/MinGW/x86_64-12.2.0-release-posix-seh-rt_v10-rev1/mingw64/bin/mingw32-make.exe -f &quot;D:/bez_probelov_blyat/try_cma_ke/project_for_codeblock/libs/zlib-develop/Makefile&quot;  VERBOSE=1 example64/fast"/>
					<CompileFile command="D:/MinGW/x86_64-12.2.0-release-posix-seh-rt_v10-rev1/mingw64/bin/mingw32-make.exe -f &quot;D:/bez_probelov_blyat/try_cma_ke/project_for_codeblock/libs/zlib-develop/Makefile&quot;  VERBOSE=1 &quot;$file&quot;"/>
					<Clean command="D:/MinGW/x86_64-12.2.0-release-posix-seh-rt_v10-rev1/mingw64/bin/mingw32-make.exe -f &quot;D:/bez_probelov_blyat/try_cma_ke/project_for_codeblock/libs/zlib-develop/Makefile&quot;  VERBOSE=1 clean"/>
					<DistClean command="D:/MinGW/x86_64-12.2.0-release-posix-seh-rt_v10-rev1/mingw64/bin/mingw32-make.exe -f &quot;D:/bez_probelov_blyat/try_cma_ke/project_for_codeblock/libs/zlib-develop/Makefile&quot;  VERBOSE=1 clean"/>
				</MakeCommands>
			</Target>
			<Target title="minigzip64">
				<Option output="D:/bez_probelov_blyat/try_cma_ke/project_for_codeblock/libs/zlib-develop/minigzip64.exe" prefix_auto="0" extension_auto="0"/>
				<Option working_dir="D:/bez_probelov_blyat/try_cma_ke/project_for_codeblock/libs/zlib-develop"/>
				<Option object_output="./"/>
				<Option type="1"/>
				<Option compiler="gcc"/>
				<Compiler>
					<Add option="-D_LARGEFILE64_SOURCE=1"/>
					<Add directory="D:/bez_probelov_blyat/try_cma_ke/project_for_codeblock/libs/zlib-develop"/>
					<Add directory="D:/bez_probelov_blyat/try_cma_ke"/>
					<Add directory="D:/bez_probelov_blyat/try_cma_ke/libs/zlib-develop"/>
					<Add directory="D:/MinGW/x86_64-12.2.0-release-posix-seh-rt_v10-rev1/mingw64/bin/../lib/gcc/x86_64-w64-mingw32/12.2.0/include/c++"/>
					<Add directory="D:/MinGW/x86_64-12.2.0-release-posix-seh-rt_v10-rev1/mingw64/bin/../lib/gcc/x86_64-w64-mingw32/12.2.0/include/c++/x86_64-w64-mingw32"/>
					<Add directory="D:/MinGW/x86_64-12.2.0-release-posix-seh-rt_v10-rev1/mingw64/bin/../lib/gcc/x86_64-w64-mingw32/12.2.0/include/c++/backward"/>
					<Add directory="D:/MinGW/x86_64-12.2.0-release-posix-seh-rt_v10-rev1/mingw64/bin/../lib/gcc/x86_64-w64-mingw32/12.2.0/include"/>
					<Add directory="D:/MinGW/x86_64-12.2.0-release-posix-seh-rt_v10-rev1/mingw64/bin/../lib/gcc/x86_64-w64-mingw32/12.2.0/include-fixed"/>
					<Add directory="D:/MinGW/x86_64-12.2.0-release-posix-seh-rt_v10-rev1/mingw64/bin/../lib/gcc/x86_64-w64-mingw32/12.2.0/../../../../x86_64-w64-mingw32/include"/>
				</Compiler>
				<MakeCommands>
					<Build command="D:/MinGW/x86_64-12.2.0-release-posix-seh-rt_v10-rev1/mingw64/bin/mingw32-make.exe -f &quot;D:/bez_probelov_blyat/try_cma_ke/project_for_codeblock/libs/zlib-develop/Makefile&quot;  VERBOSE=1 minigzip64"/>
					<CompileFile command="D:/MinGW/x86_64-12.2.0-release-posix-seh-rt_v10-rev1/mingw64/bin/mingw32-make.exe -f &quot;D:/bez_probelov_blyat/try_cma_ke/project_for_codeblock/libs/zlib-develop/Makefile&quot;  VERBOSE=1 &quot;$file&quot;"/>
					<Clean command="D:/MinGW/x86_64-12.2.0-release-posix-seh-rt_v10-rev1/mingw64/bin/mingw32-make.exe -f &quot;D:/bez_probelov_blyat/try_cma_ke/project_for_codeblock/libs/zlib-develop/Makefile&quot;  VERBOSE=1 clean"/>
					<DistClean command="D:/MinGW/x86_64-12.2.0-release-posix-seh-rt_v10-rev1/mingw64/bin/mingw32-make.exe -f &quot;D:/bez_probelov_blyat/try_cma_ke/project_for_codeblock/libs/zlib-develop/Makefile&quot;  VERBOSE=1 clean"/>
				</MakeCommands>
			</Target>
			<Target title="minigzip64/fast">
				<Option output="D:/bez_probelov_blyat/try_cma_ke/project_for_codeblock/libs/zlib-develop/minigzip64.exe" prefix_auto="0" extension_auto="0"/>
				<Option working_dir="D:/bez_probelov_blyat/try_cma_ke/project_for_codeblock/libs/zlib-develop"/>
				<Option object_output="./"/>
				<Option type="1"/>
				<Option compiler="gcc"/>
				<Compiler>
					<Add option="-D_LARGEFILE64_SOURCE=1"/>
					<Add directory="D:/bez_probelov_blyat/try_cma_ke/project_for_codeblock/libs/zlib-develop"/>
					<Add directory="D:/bez_probelov_blyat/try_cma_ke"/>
					<Add directory="D:/bez_probelov_blyat/try_cma_ke/libs/zlib-develop"/>
					<Add directory="D:/MinGW/x86_64-12.2.0-release-posix-seh-rt_v10-rev1/mingw64/bin/../lib/gcc/x86_64-w64-mingw32/12.2.0/include/c++"/>
					<Add directory="D:/MinGW/x86_64-12.2.0-release-posix-seh-rt_v10-rev1/mingw64/bin/../lib/gcc/x86_64-w64-mingw32/12.2.0/include/c++/x86_64-w64-mingw32"/>
					<Add directory="D:/MinGW/x86_64-12.2.0-release-posix-seh-rt_v10-rev1/mingw64/bin/../lib/gcc/x86_64-w64-mingw32/12.2.0/include/c++/backward"/>
					<Add directory="D:/MinGW/x86_64-12.2.0-release-posix-seh-rt_v10-rev1/mingw64/bin/../lib/gcc/x86_64-w64-mingw32/12.2.0/include"/>
					<Add directory="D:/MinGW/x86_64-12.2.0-release-posix-seh-rt_v10-rev1/mingw64/bin/../lib/gcc/x86_64-w64-mingw32/12.2.0/include-fixed"/>
					<Add directory="D:/MinGW/x86_64-12.2.0-release-posix-seh-rt_v10-rev1/mingw64/bin/../lib/gcc/x86_64-w64-mingw32/12.2.0/../../../../x86_64-w64-mingw32/include"/>
				</Compiler>
				<MakeCommands>
					<Build command="D:/MinGW/x86_64-12.2.0-release-posix-seh-rt_v10-rev1/mingw64/bin/mingw32-make.exe -f &quot;D:/bez_probelov_blyat/try_cma_ke/project_for_codeblock/libs/zlib-develop/Makefile&quot;  VERBOSE=1 minigzip64/fast"/>
					<CompileFile command="D:/MinGW/x86_64-12.2.0-release-posix-seh-rt_v10-rev1/mingw64/bin/mingw32-make.exe -f &quot;D:/bez_probelov_blyat/try_cma_ke/project_for_codeblock/libs/zlib-develop/Makefile&quot;  VERBOSE=1 &quot;$file&quot;"/>
					<Clean command="D:/MinGW/x86_64-12.2.0-release-posix-seh-rt_v10-rev1/mingw64/bin/mingw32-make.exe -f &quot;D:/bez_probelov_blyat/try_cma_ke/project_for_codeblock/libs/zlib-develop/Makefile&quot;  VERBOSE=1 clean"/>
					<DistClean command="D:/MinGW/x86_64-12.2.0-release-posix-seh-rt_v10-rev1/mingw64/bin/mingw32-make.exe -f &quot;D:/bez_probelov_blyat/try_cma_ke/project_for_codeblock/libs/zlib-develop/Makefile&quot;  VERBOSE=1 clean"/>
				</MakeCommands>
			</Target>
		</Build>
		<Unit filename="D:/bez_probelov_blyat/try_cma_ke/libs/zlib-develop/adler32.c">
			<Option target="zlib"/>
			<Option target="zlibstatic"/>
		</Unit>
		<Unit filename="D:/bez_probelov_blyat/try_cma_ke/libs/zlib-develop/compress.c">
			<Option target="zlib"/>
			<Option target="zlibstatic"/>
		</Unit>
		<Unit filename="D:/bez_probelov_blyat/try_cma_ke/libs/zlib-develop/crc32.c">
			<Option target="zlib"/>
			<Option target="zlibstatic"/>
		</Unit>
		<Unit filename="D:/bez_probelov_blyat/try_cma_ke/libs/zlib-develop/crc32.h">
			<Option target="zlib"/>
			<Option target="zlibstatic"/>
		</Unit>
		<Unit filename="D:/bez_probelov_blyat/try_cma_ke/libs/zlib-develop/deflate.c">
			<Option target="zlib"/>
			<Option target="zlibstatic"/>
		</Unit>
		<Unit filename="D:/bez_probelov_blyat/try_cma_ke/libs/zlib-develop/deflate.h">
			<Option target="zlib"/>
			<Option target="zlibstatic"/>
		</Unit>
		<Unit filename="D:/bez_probelov_blyat/try_cma_ke/libs/zlib-develop/gzclose.c">
			<Option target="zlib"/>
			<Option target="zlibstatic"/>
		</Unit>
		<Unit filename="D:/bez_probelov_blyat/try_cma_ke/libs/zlib-develop/gzguts.h">
			<Option target="zlib"/>
			<Option target="zlibstatic"/>
		</Unit>
		<Unit filename="D:/bez_probelov_blyat/try_cma_ke/libs/zlib-develop/gzlib.c">
			<Option target="zlib"/>
			<Option target="zlibstatic"/>
		</Unit>
		<Unit filename="D:/bez_probelov_blyat/try_cma_ke/libs/zlib-develop/gzread.c">
			<Option target="zlib"/>
			<Option target="zlibstatic"/>
		</Unit>
		<Unit filename="D:/bez_probelov_blyat/try_cma_ke/libs/zlib-develop/gzwrite.c">
			<Option target="zlib"/>
			<Option target="zlibstatic"/>
		</Unit>
		<Unit filename="D:/bez_probelov_blyat/try_cma_ke/libs/zlib-develop/infback.c">
			<Option target="zlib"/>
			<Option target="zlibstatic"/>
		</Unit>
		<Unit filename="D:/bez_probelov_blyat/try_cma_ke/libs/zlib-develop/inffast.c">
			<Option target="zlib"/>
			<Option target="zlibstatic"/>
		</Unit>
		<Unit filename="D:/bez_probelov_blyat/try_cma_ke/libs/zlib-develop/inffast.h">
			<Option target="zlib"/>
			<Option target="zlibstatic"/>
		</Unit>
		<Unit filename="D:/bez_probelov_blyat/try_cma_ke/libs/zlib-develop/inffixed.h">
			<Option target="zlib"/>
			<Option target="zlibstatic"/>
		</Unit>
		<Unit filename="D:/bez_probelov_blyat/try_cma_ke/libs/zlib-develop/inflate.c">
			<Option target="zlib"/>
			<Option target="zlibstatic"/>
		</Unit>
		<Unit filename="D:/bez_probelov_blyat/try_cma_ke/libs/zlib-develop/inflate.h">
			<Option target="zlib"/>
			<Option target="zlibstatic"/>
		</Unit>
		<Unit filename="D:/bez_probelov_blyat/try_cma_ke/libs/zlib-develop/inftrees.c">
			<Option target="zlib"/>
			<Option target="zlibstatic"/>
		</Unit>
		<Unit filename="D:/bez_probelov_blyat/try_cma_ke/libs/zlib-develop/inftrees.h">
			<Option target="zlib"/>
			<Option target="zlibstatic"/>
		</Unit>
		<Unit filename="D:/bez_probelov_blyat/try_cma_ke/libs/zlib-develop/test/example.c">
			<Option target="example"/>
			<Option target="example64"/>
		</Unit>
		<Unit filename="D:/bez_probelov_blyat/try_cma_ke/libs/zlib-develop/test/minigzip.c">
			<Option target="minigzip"/>
			<Option target="minigzip64"/>
		</Unit>
		<Unit filename="D:/bez_probelov_blyat/try_cma_ke/libs/zlib-develop/trees.c">
			<Option target="zlib"/>
			<Option target="zlibstatic"/>
		</Unit>
		<Unit filename="D:/bez_probelov_blyat/try_cma_ke/libs/zlib-develop/trees.h">
			<Option target="zlib"/>
			<Option target="zlibstatic"/>
		</Unit>
		<Unit filename="D:/bez_probelov_blyat/try_cma_ke/libs/zlib-develop/uncompr.c">
			<Option target="zlib"/>
			<Option target="zlibstatic"/>
		</Unit>
		<Unit filename="D:/bez_probelov_blyat/try_cma_ke/libs/zlib-develop/zlib.h">
			<Option target="zlib"/>
			<Option target="zlibstatic"/>
		</Unit>
		<Unit filename="D:/bez_probelov_blyat/try_cma_ke/libs/zlib-develop/zutil.c">
			<Option target="zlib"/>
			<Option target="zlibstatic"/>
		</Unit>
		<Unit filename="D:/bez_probelov_blyat/try_cma_ke/libs/zlib-develop/zutil.h">
			<Option target="zlib"/>
			<Option target="zlibstatic"/>
		</Unit>
		<Unit filename="D:/bez_probelov_blyat/try_cma_ke/project_for_codeblock/libs/zlib-develop/zconf.h">
			<Option target="zlib"/>
			<Option target="zlibstatic"/>
		</Unit>
		<Unit filename="D:/bez_probelov_blyat/try_cma_ke/project_for_codeblock/libs/zlib-develop/zlib1rc.obj">
			<Option target="zlib"/>
		</Unit>
		<Unit filename="D:/bez_probelov_blyat/try_cma_ke/project_for_codeblock/libs/zlib-develop/zlib1rc.obj.rule">
			<Option target="zlib"/>
		</Unit>
		<Unit filename="D:/bez_probelov_blyat/try_cma_ke/CMakeLists.txt">
			<Option virtualFolder="CMake Files\"/>
		</Unit>
		<Unit filename="D:/bez_probelov_blyat/try_cma_ke/libs/zlib-develop/CMakeLists.txt">
			<Option virtualFolder="CMake Files\libs\zlib-develop\"/>
		</Unit>
		<Unit filename="D:/bez_probelov_blyat/try_cma_ke/libs/zlib-develop/zconf.h.cmakein">
			<Option virtualFolder="CMake Files\libs\zlib-develop\"/>
		</Unit>
		<Unit filename="D:/bez_probelov_blyat/try_cma_ke/libs/zlib-develop/zlib.pc.cmakein">
			<Option virtualFolder="CMake Files\libs\zlib-develop\"/>
		</Unit>
	</Project>
</CodeBlocks_project_file>
